// !$*UTF8*$!
{
	archiveVersion = 1;
	classes = {
	};
	objectVersion = 56;
	objects = {

/* Begin PBXBuildFile section */
		49008AAF2A11CC0D00F2B874 /* UtilityGen.swift in Sources */ = {isa = PBXBuildFile; fileRef = 49008AAE2A11CC0D00F2B874 /* UtilityGen.swift */; };
		49008AB12A12794100F2B874 /* MethodGen.swift in Sources */ = {isa = PBXBuildFile; fileRef = 49008AB02A12794100F2B874 /* MethodGen.swift */; };
		490DA41C29F083460093E32B /* Enums.swift in Sources */ = {isa = PBXBuildFile; fileRef = 490DA41B29F083460093E32B /* Enums.swift */; };
		492B8AF029D12C440083C150 /* BuiltinGen.swift in Sources */ = {isa = PBXBuildFile; fileRef = 492B8AEF29D12C440083C150 /* BuiltinGen.swift */; };
		492B8AF229D12CF00083C150 /* ClassGen.swift in Sources */ = {isa = PBXBuildFile; fileRef = 492B8AF129D12CF00083C150 /* ClassGen.swift */; };
		494DF6A629F080C500485C49 /* Printer.swift in Sources */ = {isa = PBXBuildFile; fileRef = 494DF6A529F080C500485C49 /* Printer.swift */; };
		4982B71929CE3296008D2CCD /* main.swift in Sources */ = {isa = PBXBuildFile; fileRef = 4982B71829CE3296008D2CCD /* main.swift */; };
		4982B72229CE355A008D2CCD /* StringOperations.swift in Sources */ = {isa = PBXBuildFile; fileRef = 4982B72129CE355A008D2CCD /* StringOperations.swift */; };
		49C9403629CF9E2F006CC78F /* TypeHelpers.swift in Sources */ = {isa = PBXBuildFile; fileRef = 49C9403529CF9E2F006CC78F /* TypeHelpers.swift */; };
		49CF7E2529DDBB6600C7EE35 /* Arguments.swift in Sources */ = {isa = PBXBuildFile; fileRef = 49CF7E2429DDBB6600C7EE35 /* Arguments.swift */; };
		49CF7E2929DE12F400C7EE35 /* DocModel.swift in Sources */ = {isa = PBXBuildFile; fileRef = 49CF7E2829DE12F400C7EE35 /* DocModel.swift */; };
		49CF7E2C29DE13F200C7EE35 /* XMLCoder in Frameworks */ = {isa = PBXBuildFile; productRef = 49CF7E2B29DE13F200C7EE35 /* XMLCoder */; };
/* End PBXBuildFile section */

/* Begin PBXCopyFilesBuildPhase section */
		4982B71329CE3296008D2CCD /* CopyFiles */ = {
			isa = PBXCopyFilesBuildPhase;
			buildActionMask = 2147483647;
			dstPath = /usr/share/man/man1/;
			dstSubfolderSpec = 0;
			files = (
			);
			runOnlyForDeploymentPostprocessing = 1;
		};
/* End PBXCopyFilesBuildPhase section */

/* Begin PBXFileReference section */
		49008AAE2A11CC0D00F2B874 /* UtilityGen.swift */ = {isa = PBXFileReference; lastKnownFileType = sourcecode.swift; path = UtilityGen.swift; sourceTree = "<group>"; };
		49008AB02A12794100F2B874 /* MethodGen.swift */ = {isa = PBXFileReference; lastKnownFileType = sourcecode.swift; path = MethodGen.swift; sourceTree = "<group>"; };
		490DA41B29F083460093E32B /* Enums.swift */ = {isa = PBXFileReference; lastKnownFileType = sourcecode.swift; path = Enums.swift; sourceTree = "<group>"; };
		492B8AEF29D12C440083C150 /* BuiltinGen.swift */ = {isa = PBXFileReference; lastKnownFileType = sourcecode.swift; path = BuiltinGen.swift; sourceTree = "<group>"; };
		492B8AF129D12CF00083C150 /* ClassGen.swift */ = {isa = PBXFileReference; lastKnownFileType = sourcecode.swift; path = ClassGen.swift; sourceTree = "<group>"; };
		494DF6A529F080C500485C49 /* Printer.swift */ = {isa = PBXFileReference; lastKnownFileType = sourcecode.swift; path = Printer.swift; sourceTree = "<group>"; };
		4982B71529CE3296008D2CCD /* Generator */ = {isa = PBXFileReference; explicitFileType = "compiled.mach-o.executable"; includeInIndex = 0; path = Generator; sourceTree = BUILT_PRODUCTS_DIR; };
		4982B71829CE3296008D2CCD /* main.swift */ = {isa = PBXFileReference; lastKnownFileType = sourcecode.swift; path = main.swift; sourceTree = "<group>"; };
		4982B72129CE355A008D2CCD /* StringOperations.swift */ = {isa = PBXFileReference; lastKnownFileType = sourcecode.swift; path = StringOperations.swift; sourceTree = "<group>"; };
		49C9403529CF9E2F006CC78F /* TypeHelpers.swift */ = {isa = PBXFileReference; lastKnownFileType = sourcecode.swift; path = TypeHelpers.swift; sourceTree = "<group>"; };
		49CF7E2429DDBB6600C7EE35 /* Arguments.swift */ = {isa = PBXFileReference; lastKnownFileType = sourcecode.swift; path = Arguments.swift; sourceTree = "<group>"; };
		49CF7E2829DE12F400C7EE35 /* DocModel.swift */ = {isa = PBXFileReference; lastKnownFileType = sourcecode.swift; path = DocModel.swift; sourceTree = "<group>"; };
/* End PBXFileReference section */

/* Begin PBXFrameworksBuildPhase section */
		4982B71229CE3296008D2CCD /* Frameworks */ = {
			isa = PBXFrameworksBuildPhase;
			buildActionMask = 2147483647;
			files = (
				49CF7E2C29DE13F200C7EE35 /* XMLCoder in Frameworks */,
			);
			runOnlyForDeploymentPostprocessing = 0;
		};
/* End PBXFrameworksBuildPhase section */

/* Begin PBXGroup section */
		4982B70C29CE3296008D2CCD = {
			isa = PBXGroup;
			children = (
				4982B71729CE3296008D2CCD /* Generator */,
				4982B71629CE3296008D2CCD /* Products */,
			);
			sourceTree = "<group>";
		};
		4982B71629CE3296008D2CCD /* Products */ = {
			isa = PBXGroup;
			children = (
				4982B71529CE3296008D2CCD /* Generator */,
			);
			name = Products;
			sourceTree = "<group>";
		};
		4982B71729CE3296008D2CCD /* Generator */ = {
			isa = PBXGroup;
			children = (
				4982B71829CE3296008D2CCD /* main.swift */,
				494DF6A529F080C500485C49 /* Printer.swift */,
				4982B72129CE355A008D2CCD /* StringOperations.swift */,
				49C9403529CF9E2F006CC78F /* TypeHelpers.swift */,
				492B8AEF29D12C440083C150 /* BuiltinGen.swift */,
				492B8AF129D12CF00083C150 /* ClassGen.swift */,
				49CF7E2429DDBB6600C7EE35 /* Arguments.swift */,
				49CF7E2829DE12F400C7EE35 /* DocModel.swift */,
				490DA41B29F083460093E32B /* Enums.swift */,
				49008AAE2A11CC0D00F2B874 /* UtilityGen.swift */,
				49008AB02A12794100F2B874 /* MethodGen.swift */,
			);
			path = Generator;
			sourceTree = "<group>";
		};
/* End PBXGroup section */

/* Begin PBXNativeTarget section */
		4982B71429CE3296008D2CCD /* Generator */ = {
			isa = PBXNativeTarget;
			buildConfigurationList = 4982B71C29CE3296008D2CCD /* Build configuration list for PBXNativeTarget "Generator" */;
			buildPhases = (
				4982B71129CE3296008D2CCD /* Sources */,
				4982B71229CE3296008D2CCD /* Frameworks */,
				4982B71329CE3296008D2CCD /* CopyFiles */,
			);
			buildRules = (
			);
			dependencies = (
			);
			name = Generator;
			packageProductDependencies = (
				49CF7E2B29DE13F200C7EE35 /* XMLCoder */,
			);
			productName = Generator;
			productReference = 4982B71529CE3296008D2CCD /* Generator */;
			productType = "com.apple.product-type.tool";
		};
/* End PBXNativeTarget section */

/* Begin PBXProject section */
		4982B70D29CE3296008D2CCD /* Project object */ = {
			isa = PBXProject;
			attributes = {
				BuildIndependentTargetsInParallel = 1;
				LastSwiftUpdateCheck = 1420;
				LastUpgradeCheck = 1430;
				TargetAttributes = {
					4982B71429CE3296008D2CCD = {
						CreatedOnToolsVersion = 14.2;
					};
				};
			};
			buildConfigurationList = 4982B71029CE3296008D2CCD /* Build configuration list for PBXProject "Generator" */;
			compatibilityVersion = "Xcode 14.0";
			developmentRegion = en;
			hasScannedForEncodings = 0;
			knownRegions = (
				en,
				Base,
			);
			mainGroup = 4982B70C29CE3296008D2CCD;
			packageReferences = (
				49CF7E2A29DE13F200C7EE35 /* XCRemoteSwiftPackageReference "XMLCoder" */,
			);
			productRefGroup = 4982B71629CE3296008D2CCD /* Products */;
			projectDirPath = "";
			projectRoot = "";
			targets = (
				4982B71429CE3296008D2CCD /* Generator */,
			);
		};
/* End PBXProject section */

/* Begin PBXSourcesBuildPhase section */
		4982B71129CE3296008D2CCD /* Sources */ = {
			isa = PBXSourcesBuildPhase;
			buildActionMask = 2147483647;
			files = (
				49CF7E2929DE12F400C7EE35 /* DocModel.swift in Sources */,
				49008AB12A12794100F2B874 /* MethodGen.swift in Sources */,
				49008AAF2A11CC0D00F2B874 /* UtilityGen.swift in Sources */,
				490DA41C29F083460093E32B /* Enums.swift in Sources */,
				492B8AF229D12CF00083C150 /* ClassGen.swift in Sources */,
				494DF6A629F080C500485C49 /* Printer.swift in Sources */,
				492B8AF029D12C440083C150 /* BuiltinGen.swift in Sources */,
				49CF7E2529DDBB6600C7EE35 /* Arguments.swift in Sources */,
				49C9403629CF9E2F006CC78F /* TypeHelpers.swift in Sources */,
				4982B71929CE3296008D2CCD /* main.swift in Sources */,
				4982B72229CE355A008D2CCD /* StringOperations.swift in Sources */,
			);
			runOnlyForDeploymentPostprocessing = 0;
		};
/* End PBXSourcesBuildPhase section */

/* Begin XCBuildConfiguration section */
		4982B71A29CE3296008D2CCD /* Debug */ = {
			isa = XCBuildConfiguration;
			buildSettings = {
				ALWAYS_SEARCH_USER_PATHS = NO;
				CLANG_ANALYZER_NONNULL = YES;
				CLANG_ANALYZER_NUMBER_OBJECT_CONVERSION = YES_AGGRESSIVE;
				CLANG_CXX_LANGUAGE_STANDARD = "gnu++20";
				CLANG_ENABLE_MODULES = YES;
				CLANG_ENABLE_OBJC_ARC = YES;
				CLANG_ENABLE_OBJC_WEAK = YES;
				CLANG_WARN_BLOCK_CAPTURE_AUTORELEASING = YES;
				CLANG_WARN_BOOL_CONVERSION = YES;
				CLANG_WARN_COMMA = YES;
				CLANG_WARN_CONSTANT_CONVERSION = YES;
				CLANG_WARN_DEPRECATED_OBJC_IMPLEMENTATIONS = YES;
				CLANG_WARN_DIRECT_OBJC_ISA_USAGE = YES_ERROR;
				CLANG_WARN_DOCUMENTATION_COMMENTS = YES;
				CLANG_WARN_EMPTY_BODY = YES;
				CLANG_WARN_ENUM_CONVERSION = YES;
				CLANG_WARN_INFINITE_RECURSION = YES;
				CLANG_WARN_INT_CONVERSION = YES;
				CLANG_WARN_NON_LITERAL_NULL_CONVERSION = YES;
				CLANG_WARN_OBJC_IMPLICIT_RETAIN_SELF = YES;
				CLANG_WARN_OBJC_LITERAL_CONVERSION = YES;
				CLANG_WARN_OBJC_ROOT_CLASS = YES_ERROR;
				CLANG_WARN_QUOTED_INCLUDE_IN_FRAMEWORK_HEADER = YES;
				CLANG_WARN_RANGE_LOOP_ANALYSIS = YES;
				CLANG_WARN_STRICT_PROTOTYPES = YES;
				CLANG_WARN_SUSPICIOUS_MOVE = YES;
				CLANG_WARN_UNGUARDED_AVAILABILITY = YES_AGGRESSIVE;
				CLANG_WARN_UNREACHABLE_CODE = YES;
				CLANG_WARN__DUPLICATE_METHOD_MATCH = YES;
				COPY_PHASE_STRIP = NO;
				DEAD_CODE_STRIPPING = YES;
				DEBUG_INFORMATION_FORMAT = dwarf;
				ENABLE_STRICT_OBJC_MSGSEND = YES;
				ENABLE_TESTABILITY = YES;
				GCC_C_LANGUAGE_STANDARD = gnu11;
				GCC_DYNAMIC_NO_PIC = NO;
				GCC_NO_COMMON_BLOCKS = YES;
				GCC_OPTIMIZATION_LEVEL = 0;
				GCC_PREPROCESSOR_DEFINITIONS = (
					"DEBUG=1",
					"$(inherited)",
				);
				GCC_WARN_64_TO_32_BIT_CONVERSION = YES;
				GCC_WARN_ABOUT_RETURN_TYPE = YES_ERROR;
				GCC_WARN_UNDECLARED_SELECTOR = YES;
				GCC_WARN_UNINITIALIZED_AUTOS = YES_AGGRESSIVE;
				GCC_WARN_UNUSED_FUNCTION = YES;
				GCC_WARN_UNUSED_VARIABLE = YES;
				MACOSX_DEPLOYMENT_TARGET = 13.1;
				MTL_ENABLE_DEBUG_INFO = INCLUDE_SOURCE;
				MTL_FAST_MATH = YES;
				ONLY_ACTIVE_ARCH = YES;
				SDKROOT = macosx;
				SWIFT_ACTIVE_COMPILATION_CONDITIONS = DEBUG;
				SWIFT_OPTIMIZATION_LEVEL = "-Onone";
			};
			name = Debug;
		};
		4982B71B29CE3296008D2CCD /* Release */ = {
			isa = XCBuildConfiguration;
			buildSettings = {
				ALWAYS_SEARCH_USER_PATHS = NO;
				CLANG_ANALYZER_NONNULL = YES;
				CLANG_ANALYZER_NUMBER_OBJECT_CONVERSION = YES_AGGRESSIVE;
				CLANG_CXX_LANGUAGE_STANDARD = "gnu++20";
				CLANG_ENABLE_MODULES = YES;
				CLANG_ENABLE_OBJC_ARC = YES;
				CLANG_ENABLE_OBJC_WEAK = YES;
				CLANG_WARN_BLOCK_CAPTURE_AUTORELEASING = YES;
				CLANG_WARN_BOOL_CONVERSION = YES;
				CLANG_WARN_COMMA = YES;
				CLANG_WARN_CONSTANT_CONVERSION = YES;
				CLANG_WARN_DEPRECATED_OBJC_IMPLEMENTATIONS = YES;
				CLANG_WARN_DIRECT_OBJC_ISA_USAGE = YES_ERROR;
				CLANG_WARN_DOCUMENTATION_COMMENTS = YES;
				CLANG_WARN_EMPTY_BODY = YES;
				CLANG_WARN_ENUM_CONVERSION = YES;
				CLANG_WARN_INFINITE_RECURSION = YES;
				CLANG_WARN_INT_CONVERSION = YES;
				CLANG_WARN_NON_LITERAL_NULL_CONVERSION = YES;
				CLANG_WARN_OBJC_IMPLICIT_RETAIN_SELF = YES;
				CLANG_WARN_OBJC_LITERAL_CONVERSION = YES;
				CLANG_WARN_OBJC_ROOT_CLASS = YES_ERROR;
				CLANG_WARN_QUOTED_INCLUDE_IN_FRAMEWORK_HEADER = YES;
				CLANG_WARN_RANGE_LOOP_ANALYSIS = YES;
				CLANG_WARN_STRICT_PROTOTYPES = YES;
				CLANG_WARN_SUSPICIOUS_MOVE = YES;
				CLANG_WARN_UNGUARDED_AVAILABILITY = YES_AGGRESSIVE;
				CLANG_WARN_UNREACHABLE_CODE = YES;
				CLANG_WARN__DUPLICATE_METHOD_MATCH = YES;
				COPY_PHASE_STRIP = NO;
				DEAD_CODE_STRIPPING = YES;
				DEBUG_INFORMATION_FORMAT = "dwarf-with-dsym";
				ENABLE_NS_ASSERTIONS = NO;
				ENABLE_STRICT_OBJC_MSGSEND = YES;
				GCC_C_LANGUAGE_STANDARD = gnu11;
				GCC_NO_COMMON_BLOCKS = YES;
				GCC_WARN_64_TO_32_BIT_CONVERSION = YES;
				GCC_WARN_ABOUT_RETURN_TYPE = YES_ERROR;
				GCC_WARN_UNDECLARED_SELECTOR = YES;
				GCC_WARN_UNINITIALIZED_AUTOS = YES_AGGRESSIVE;
				GCC_WARN_UNUSED_FUNCTION = YES;
				GCC_WARN_UNUSED_VARIABLE = YES;
				MACOSX_DEPLOYMENT_TARGET = 13.1;
				MTL_ENABLE_DEBUG_INFO = NO;
				MTL_FAST_MATH = YES;
				SDKROOT = macosx;
				SWIFT_COMPILATION_MODE = wholemodule;
				SWIFT_OPTIMIZATION_LEVEL = "-O";
			};
			name = Release;
		};
		4982B71D29CE3296008D2CCD /* Debug */ = {
			isa = XCBuildConfiguration;
			buildSettings = {
				CODE_SIGN_STYLE = Automatic;
				DEAD_CODE_STRIPPING = YES;
				DEVELOPMENT_TEAM = PJQC57N853;
				ENABLE_HARDENED_RUNTIME = YES;
				PRODUCT_NAME = "$(TARGET_NAME)";
				SWIFT_VERSION = 5.0;
			};
			name = Debug;
		};
		4982B71E29CE3296008D2CCD /* Release */ = {
			isa = XCBuildConfiguration;
			buildSettings = {
				CODE_SIGN_STYLE = Automatic;
				DEAD_CODE_STRIPPING = YES;
				DEVELOPMENT_TEAM = PJQC57N853;
				ENABLE_HARDENED_RUNTIME = YES;
				PRODUCT_NAME = "$(TARGET_NAME)";
				SWIFT_VERSION = 5.0;
			};
			name = Release;
		};
/* End XCBuildConfiguration section */

/* Begin XCConfigurationList section */
		4982B71029CE3296008D2CCD /* Build configuration list for PBXProject "Generator" */ = {
			isa = XCConfigurationList;
			buildConfigurations = (
				4982B71A29CE3296008D2CCD /* Debug */,
				4982B71B29CE3296008D2CCD /* Release */,
			);
			defaultConfigurationIsVisible = 0;
			defaultConfigurationName = Release;
		};
		4982B71C29CE3296008D2CCD /* Build configuration list for PBXNativeTarget "Generator" */ = {
			isa = XCConfigurationList;
			buildConfigurations = (
				4982B71D29CE3296008D2CCD /* Debug */,
				4982B71E29CE3296008D2CCD /* Release */,
			);
			defaultConfigurationIsVisible = 0;
			defaultConfigurationName = Release;
		};
/* End XCConfigurationList section */

/* Begin XCRemoteSwiftPackageReference section */
		49CF7E2A29DE13F200C7EE35 /* XCRemoteSwiftPackageReference "XMLCoder" */ = {
			isa = XCRemoteSwiftPackageReference;
			repositoryURL = "https://github.com/CoreOffice/XMLCoder.git";
			requirement = {
				kind = upToNextMajorVersion;
				minimumVersion = 0.15.0;
			};
		};
/* End XCRemoteSwiftPackageReference section */

/* Begin XCSwiftPackageProductDependency section */
		49CF7E2B29DE13F200C7EE35 /* XMLCoder */ = {
			isa = XCSwiftPackageProductDependency;
			package = 49CF7E2A29DE13F200C7EE35 /* XCRemoteSwiftPackageReference "XMLCoder" */;
			productName = XMLCoder;
		};
/* End XCSwiftPackageProductDependency section */
	};
	rootObject = 4982B70D29CE3296008D2CCD /* Project object */;
}
